// !$*UTF8*$!
{
	archiveVersion = 1;
	classes = {
	};
	objectVersion = 56;
	objects = {

/* Begin PBXBuildFile section */
		B00932612C2A0DFB002B8129 /* ConfettiSwiftUI in Frameworks */ = {isa = PBXBuildFile; productRef = B00932602C2A0DFB002B8129 /* ConfettiSwiftUI */; };
		B00932632C2A2510002B8129 /* ProgressBarView.swift in Sources */ = {isa = PBXBuildFile; fileRef = B00932622C2A2510002B8129 /* ProgressBarView.swift */; };
		B00932682C2B10DF002B8129 /* PaywallView.swift in Sources */ = {isa = PBXBuildFile; fileRef = B00932672C2B10DF002B8129 /* PaywallView.swift */; };
		B009326B2C2D9EB1002B8129 /* InputView.swift in Sources */ = {isa = PBXBuildFile; fileRef = B009326A2C2D9EB1002B8129 /* InputView.swift */; };
		B009326F2C2DBB8A002B8129 /* HomeView.swift in Sources */ = {isa = PBXBuildFile; fileRef = B009326E2C2DBB8A002B8129 /* HomeView.swift */; };
		B00932712C2DE931002B8129 /* MatchingGameViewModel.swift in Sources */ = {isa = PBXBuildFile; fileRef = B00932702C2DE930002B8129 /* MatchingGameViewModel.swift */; };
		B00932772C2F4B48002B8129 /* StoreKit.framework in Frameworks */ = {isa = PBXBuildFile; fileRef = B00932652C2B0FF1002B8129 /* StoreKit.framework */; };
		B04C772B2C2F4DCF008B72E8 /* GoogleService-Info.plist in Resources */ = {isa = PBXBuildFile; fileRef = B04C772A2C2F4DCF008B72E8 /* GoogleService-Info.plist */; };
		B06A04602C2F576F0049A680 /* FirebaseAuth in Frameworks */ = {isa = PBXBuildFile; productRef = B06A045F2C2F576F0049A680 /* FirebaseAuth */; };
		B06A04622C2F576F0049A680 /* FirebaseFirestore in Frameworks */ = {isa = PBXBuildFile; productRef = B06A04612C2F576F0049A680 /* FirebaseFirestore */; };
		B06A04642C2F576F0049A680 /* FirebaseFirestoreSwift in Frameworks */ = {isa = PBXBuildFile; productRef = B06A04632C2F576F0049A680 /* FirebaseFirestoreSwift */; };
		B06A04662C2F576F0049A680 /* FirebaseStorage in Frameworks */ = {isa = PBXBuildFile; productRef = B06A04652C2F576F0049A680 /* FirebaseStorage */; };
		B06A04712C32FC640049A680 /* StoreKitTestCertificate.cer in Resources */ = {isa = PBXBuildFile; fileRef = B06A04702C32FC640049A680 /* StoreKitTestCertificate.cer */; };
		B06A04732C3325980049A680 /* GetSwipesView.swift in Sources */ = {isa = PBXBuildFile; fileRef = B06A04722C3325980049A680 /* GetSwipesView.swift */; };
		B06A04782C3456070049A680 /* GoogleMobileAds in Frameworks */ = {isa = PBXBuildFile; productRef = B06A04772C3456070049A680 /* GoogleMobileAds */; };
		B06A047A2C3456BB0049A680 /* InterstitialAdsManager.swift in Sources */ = {isa = PBXBuildFile; fileRef = B06A04792C3456BB0049A680 /* InterstitialAdsManager.swift */; };
		B06A047C2C3477400049A680 /* RewardedAdsManager.swift in Sources */ = {isa = PBXBuildFile; fileRef = B06A047B2C3477400049A680 /* RewardedAdsManager.swift */; };
		B07A36FF2C289E9300C6D287 /* blendrApp.swift in Sources */ = {isa = PBXBuildFile; fileRef = B07A36FE2C289E9300C6D287 /* blendrApp.swift */; };
		B07A37012C289E9300C6D287 /* ContentView.swift in Sources */ = {isa = PBXBuildFile; fileRef = B07A37002C289E9300C6D287 /* ContentView.swift */; };
		B07A37032C289E9300C6D287 /* Assets.xcassets in Resources */ = {isa = PBXBuildFile; fileRef = B07A37022C289E9300C6D287 /* Assets.xcassets */; };
		B07A37072C289E9300C6D287 /* Preview Assets.xcassets in Resources */ = {isa = PBXBuildFile; fileRef = B07A37062C289E9300C6D287 /* Preview Assets.xcassets */; };
		B07A37112C289E9400C6D287 /* blendrTests.swift in Sources */ = {isa = PBXBuildFile; fileRef = B07A37102C289E9400C6D287 /* blendrTests.swift */; };
		B07A371B2C289E9400C6D287 /* blendrUITests.swift in Sources */ = {isa = PBXBuildFile; fileRef = B07A371A2C289E9400C6D287 /* blendrUITests.swift */; };
		B07A371D2C289E9400C6D287 /* blendrUITestsLaunchTests.swift in Sources */ = {isa = PBXBuildFile; fileRef = B07A371C2C289E9400C6D287 /* blendrUITestsLaunchTests.swift */; };
		B07A37312C289FB400C6D287 /* LoginView.swift in Sources */ = {isa = PBXBuildFile; fileRef = B07A37302C289FB400C6D287 /* LoginView.swift */; };
		B07A37332C28A00D00C6D287 /* MainTabView.swift in Sources */ = {isa = PBXBuildFile; fileRef = B07A37322C28A00D00C6D287 /* MainTabView.swift */; };
		B07A37352C28A01800C6D287 /* NewUserOnboardingView.swift in Sources */ = {isa = PBXBuildFile; fileRef = B07A37342C28A01800C6D287 /* NewUserOnboardingView.swift */; };
		B07A37372C28A02200C6D287 /* ProfileView.swift in Sources */ = {isa = PBXBuildFile; fileRef = B07A37362C28A02200C6D287 /* ProfileView.swift */; };
		B07A37452C28A08900C6D287 /* RecipeDetailView.swift in Sources */ = {isa = PBXBuildFile; fileRef = B07A37442C28A08900C6D287 /* RecipeDetailView.swift */; };
		B07A37472C28A09C00C6D287 /* AuthViewModel.swift in Sources */ = {isa = PBXBuildFile; fileRef = B07A37462C28A09C00C6D287 /* AuthViewModel.swift */; };
		B07A37492C28A0A900C6D287 /* CardsViewModel.swift in Sources */ = {isa = PBXBuildFile; fileRef = B07A37482C28A0A900C6D287 /* CardsViewModel.swift */; };
		B07A37592C28A12800C6D287 /* User.swift in Sources */ = {isa = PBXBuildFile; fileRef = B07A37582C28A12800C6D287 /* User.swift */; };
		B07A375B2C28A13100C6D287 /* Recipe.swift in Sources */ = {isa = PBXBuildFile; fileRef = B07A375A2C28A13100C6D287 /* Recipe.swift */; };
		B07A375D2C28A13E00C6D287 /* CardModel.swift in Sources */ = {isa = PBXBuildFile; fileRef = B07A375C2C28A13E00C6D287 /* CardModel.swift */; };
		B07A375F2C28A14800C6D287 /* GameCard.swift in Sources */ = {isa = PBXBuildFile; fileRef = B07A375E2C28A14800C6D287 /* GameCard.swift */; };
		B07A37632C28A17200C6D287 /* CardService.swift in Sources */ = {isa = PBXBuildFile; fileRef = B07A37622C28A17200C6D287 /* CardService.swift */; };
		B07A37672C28A19200C6D287 /* RecipePromptUtil.swift in Sources */ = {isa = PBXBuildFile; fileRef = B07A37662C28A19200C6D287 /* RecipePromptUtil.swift */; };
		B07A37692C28A19C00C6D287 /* SizeConstants.swift in Sources */ = {isa = PBXBuildFile; fileRef = B07A37682C28A19C00C6D287 /* SizeConstants.swift */; };
		B07A376D2C28A1C500C6D287 /* TextInputView.swift in Sources */ = {isa = PBXBuildFile; fileRef = B07A376C2C28A1C500C6D287 /* TextInputView.swift */; };
		B07A376F2C28A1D300C6D287 /* ProfileHeaderView.swift in Sources */ = {isa = PBXBuildFile; fileRef = B07A376E2C28A1D300C6D287 /* ProfileHeaderView.swift */; };
		B07A37712C28A1DA00C6D287 /* CardStackView.swift in Sources */ = {isa = PBXBuildFile; fileRef = B07A37702C28A1DA00C6D287 /* CardStackView.swift */; };
		B07A37732C28A1E800C6D287 /* SwipeActionButtonsView.swift in Sources */ = {isa = PBXBuildFile; fileRef = B07A37722C28A1E800C6D287 /* SwipeActionButtonsView.swift */; };
		B07A37752C28A1F700C6D287 /* GeneratingRecipesView.swift in Sources */ = {isa = PBXBuildFile; fileRef = B07A37742C28A1F700C6D287 /* GeneratingRecipesView.swift */; };
		B07A37772C28A20200C6D287 /* GameCardView.swift in Sources */ = {isa = PBXBuildFile; fileRef = B07A37762C28A20200C6D287 /* GameCardView.swift */; };
		B07A37792C28A20C00C6D287 /* GridView.swift in Sources */ = {isa = PBXBuildFile; fileRef = B07A37782C28A20C00C6D287 /* GridView.swift */; };
		B07A377B2C28A2C000C6D287 /* OpenAIService.swift in Sources */ = {isa = PBXBuildFile; fileRef = B07A377A2C28A2C000C6D287 /* OpenAIService.swift */; };
		B07A377E2C28A40A00C6D287 /* OpenAI in Frameworks */ = {isa = PBXBuildFile; productRef = B07A377D2C28A40A00C6D287 /* OpenAI */; };
		B07A37812C28A46000C6D287 /* RevenueCat in Frameworks */ = {isa = PBXBuildFile; productRef = B07A37802C28A46000C6D287 /* RevenueCat */; };
		B07A37832C28A46000C6D287 /* RevenueCatUI in Frameworks */ = {isa = PBXBuildFile; productRef = B07A37822C28A46000C6D287 /* RevenueCatUI */; };
		B07A37902C28A6B800C6D287 /* RegistrationView.swift in Sources */ = {isa = PBXBuildFile; fileRef = B07A378F2C28A6B800C6D287 /* RegistrationView.swift */; };
		B07A37922C28A6E900C6D287 /* NewUserPreferencesView.swift in Sources */ = {isa = PBXBuildFile; fileRef = B07A37912C28A6E900C6D287 /* NewUserPreferencesView.swift */; };
		B07A37942C28A70B00C6D287 /* IconSelectionView.swift in Sources */ = {isa = PBXBuildFile; fileRef = B07A37932C28A70B00C6D287 /* IconSelectionView.swift */; };
		B07A37962C28A7C500C6D287 /* PreferencesView.swift in Sources */ = {isa = PBXBuildFile; fileRef = B07A37952C28A7C500C6D287 /* PreferencesView.swift */; };
		B07A37982C28A80300C6D287 /* LikedRecipesView.swift in Sources */ = {isa = PBXBuildFile; fileRef = B07A37972C28A80300C6D287 /* LikedRecipesView.swift */; };
		B07A379A2C28A81500C6D287 /* SavedRecipesView.swift in Sources */ = {isa = PBXBuildFile; fileRef = B07A37992C28A81500C6D287 /* SavedRecipesView.swift */; };
		B07A379C2C28A8A800C6D287 /* SwipeAction.swift in Sources */ = {isa = PBXBuildFile; fileRef = B07A379B2C28A8A800C6D287 /* SwipeAction.swift */; };
		B07A379E2C28A8C700C6D287 /* RecipeSheetView.swift in Sources */ = {isa = PBXBuildFile; fileRef = B07A379D2C28A8C700C6D287 /* RecipeSheetView.swift */; };
		B07A37A02C28A8FA00C6D287 /* RecipeInfoView.swift in Sources */ = {isa = PBXBuildFile; fileRef = B07A379F2C28A8FA00C6D287 /* RecipeInfoView.swift */; };
		B07A37A22C28A93900C6D287 /* CardView.swift in Sources */ = {isa = PBXBuildFile; fileRef = B07A37A12C28A93900C6D287 /* CardView.swift */; };
		B07A37A82C28AAD800C6D287 /* CookbookView.swift in Sources */ = {isa = PBXBuildFile; fileRef = B07A37A72C28AAD800C6D287 /* CookbookView.swift */; };
		B07A37AA2C28AF9C00C6D287 /* MatchingGameView.swift in Sources */ = {isa = PBXBuildFile; fileRef = B07A37A92C28AF9C00C6D287 /* MatchingGameView.swift */; };
		B08237E72C3B2019003E5A70 /* Tip.swift in Sources */ = {isa = PBXBuildFile; fileRef = B08237E62C3B2019003E5A70 /* Tip.swift */; };
		B08237E92C3B53FA003E5A70 /* TOSView.swift in Sources */ = {isa = PBXBuildFile; fileRef = B08237E82C3B53FA003E5A70 /* TOSView.swift */; };
		B08237EF2C3C28AD003E5A70 /* TOS.pdf in Resources */ = {isa = PBXBuildFile; fileRef = B08237EE2C3C28AD003E5A70 /* TOS.pdf */; };
		B08237F12C3C57C3003E5A70 /* PrivacyPolicy.pdf in Resources */ = {isa = PBXBuildFile; fileRef = B08237F02C3C57C3003E5A70 /* PrivacyPolicy.pdf */; };
		B08237F32C3C57F6003E5A70 /* PrivacyPolicyView.swift in Sources */ = {isa = PBXBuildFile; fileRef = B08237F22C3C57F6003E5A70 /* PrivacyPolicyView.swift */; };
		B0EAF0F72C35CC5A004F7DBD /* Credentials.swift in Sources */ = {isa = PBXBuildFile; fileRef = B0EAF0F62C35CC5A004F7DBD /* Credentials.swift */; };
		B0FD022F2C29E4470055040A /* ReauthenticateView.swift in Sources */ = {isa = PBXBuildFile; fileRef = B0FD022E2C29E4470055040A /* ReauthenticateView.swift */; };
/* End PBXBuildFile section */

/* Begin PBXContainerItemProxy section */
		B07A370D2C289E9400C6D287 /* PBXContainerItemProxy */ = {
			isa = PBXContainerItemProxy;
			containerPortal = B07A36F32C289E9300C6D287 /* Project object */;
			proxyType = 1;
			remoteGlobalIDString = B07A36FA2C289E9300C6D287;
			remoteInfo = blendr;
		};
		B07A37172C289E9400C6D287 /* PBXContainerItemProxy */ = {
			isa = PBXContainerItemProxy;
			containerPortal = B07A36F32C289E9300C6D287 /* Project object */;
			proxyType = 1;
			remoteGlobalIDString = B07A36FA2C289E9300C6D287;
			remoteInfo = blendr;
		};
/* End PBXContainerItemProxy section */

/* Begin PBXFileReference section */
		B00932622C2A2510002B8129 /* ProgressBarView.swift */ = {isa = PBXFileReference; lastKnownFileType = sourcecode.swift; path = ProgressBarView.swift; sourceTree = "<group>"; };
		B00932652C2B0FF1002B8129 /* StoreKit.framework */ = {isa = PBXFileReference; lastKnownFileType = wrapper.framework; name = StoreKit.framework; path = System/Library/Frameworks/StoreKit.framework; sourceTree = SDKROOT; };
		B00932672C2B10DF002B8129 /* PaywallView.swift */ = {isa = PBXFileReference; lastKnownFileType = sourcecode.swift; path = PaywallView.swift; sourceTree = "<group>"; };
		B009326A2C2D9EB1002B8129 /* InputView.swift */ = {isa = PBXFileReference; lastKnownFileType = sourcecode.swift; path = InputView.swift; sourceTree = "<group>"; };
		B009326E2C2DBB8A002B8129 /* HomeView.swift */ = {isa = PBXFileReference; lastKnownFileType = sourcecode.swift; path = HomeView.swift; sourceTree = "<group>"; };
		B00932702C2DE930002B8129 /* MatchingGameViewModel.swift */ = {isa = PBXFileReference; fileEncoding = 4; lastKnownFileType = sourcecode.swift; path = MatchingGameViewModel.swift; sourceTree = "<group>"; };
		B04C772A2C2F4DCF008B72E8 /* GoogleService-Info.plist */ = {isa = PBXFileReference; fileEncoding = 4; lastKnownFileType = text.plist.xml; path = "GoogleService-Info.plist"; sourceTree = "<group>"; };
		B06A04702C32FC640049A680 /* StoreKitTestCertificate.cer */ = {isa = PBXFileReference; lastKnownFileType = file; path = StoreKitTestCertificate.cer; sourceTree = "<group>"; };
		B06A04722C3325980049A680 /* GetSwipesView.swift */ = {isa = PBXFileReference; lastKnownFileType = sourcecode.swift; path = GetSwipesView.swift; sourceTree = "<group>"; };
		B06A04792C3456BB0049A680 /* InterstitialAdsManager.swift */ = {isa = PBXFileReference; lastKnownFileType = sourcecode.swift; path = InterstitialAdsManager.swift; sourceTree = "<group>"; };
		B06A047B2C3477400049A680 /* RewardedAdsManager.swift */ = {isa = PBXFileReference; lastKnownFileType = sourcecode.swift; path = RewardedAdsManager.swift; sourceTree = "<group>"; };
		B07A36FB2C289E9300C6D287 /* blendr.app */ = {isa = PBXFileReference; explicitFileType = wrapper.application; includeInIndex = 0; path = blendr.app; sourceTree = BUILT_PRODUCTS_DIR; };
		B07A36FE2C289E9300C6D287 /* blendrApp.swift */ = {isa = PBXFileReference; lastKnownFileType = sourcecode.swift; path = blendrApp.swift; sourceTree = "<group>"; };
		B07A37002C289E9300C6D287 /* ContentView.swift */ = {isa = PBXFileReference; lastKnownFileType = sourcecode.swift; path = ContentView.swift; sourceTree = "<group>"; };
		B07A37022C289E9300C6D287 /* Assets.xcassets */ = {isa = PBXFileReference; lastKnownFileType = folder.assetcatalog; path = Assets.xcassets; sourceTree = "<group>"; };
		B07A37042C289E9300C6D287 /* blendr.entitlements */ = {isa = PBXFileReference; lastKnownFileType = text.plist.entitlements; path = blendr.entitlements; sourceTree = "<group>"; };
		B07A37062C289E9300C6D287 /* Preview Assets.xcassets */ = {isa = PBXFileReference; lastKnownFileType = folder.assetcatalog; path = "Preview Assets.xcassets"; sourceTree = "<group>"; };
		B07A370C2C289E9400C6D287 /* blendrTests.xctest */ = {isa = PBXFileReference; explicitFileType = wrapper.cfbundle; includeInIndex = 0; path = blendrTests.xctest; sourceTree = BUILT_PRODUCTS_DIR; };
		B07A37102C289E9400C6D287 /* blendrTests.swift */ = {isa = PBXFileReference; lastKnownFileType = sourcecode.swift; path = blendrTests.swift; sourceTree = "<group>"; };
		B07A37162C289E9400C6D287 /* blendrUITests.xctest */ = {isa = PBXFileReference; explicitFileType = wrapper.cfbundle; includeInIndex = 0; path = blendrUITests.xctest; sourceTree = BUILT_PRODUCTS_DIR; };
		B07A371A2C289E9400C6D287 /* blendrUITests.swift */ = {isa = PBXFileReference; lastKnownFileType = sourcecode.swift; path = blendrUITests.swift; sourceTree = "<group>"; };
		B07A371C2C289E9400C6D287 /* blendrUITestsLaunchTests.swift */ = {isa = PBXFileReference; lastKnownFileType = sourcecode.swift; path = blendrUITestsLaunchTests.swift; sourceTree = "<group>"; };
		B07A37302C289FB400C6D287 /* LoginView.swift */ = {isa = PBXFileReference; lastKnownFileType = sourcecode.swift; path = LoginView.swift; sourceTree = "<group>"; };
		B07A37322C28A00D00C6D287 /* MainTabView.swift */ = {isa = PBXFileReference; lastKnownFileType = sourcecode.swift; path = MainTabView.swift; sourceTree = "<group>"; };
		B07A37342C28A01800C6D287 /* NewUserOnboardingView.swift */ = {isa = PBXFileReference; lastKnownFileType = sourcecode.swift; path = NewUserOnboardingView.swift; sourceTree = "<group>"; };
		B07A37362C28A02200C6D287 /* ProfileView.swift */ = {isa = PBXFileReference; lastKnownFileType = sourcecode.swift; path = ProfileView.swift; sourceTree = "<group>"; };
		B07A37442C28A08900C6D287 /* RecipeDetailView.swift */ = {isa = PBXFileReference; lastKnownFileType = sourcecode.swift; path = RecipeDetailView.swift; sourceTree = "<group>"; };
		B07A37462C28A09C00C6D287 /* AuthViewModel.swift */ = {isa = PBXFileReference; lastKnownFileType = sourcecode.swift; path = AuthViewModel.swift; sourceTree = "<group>"; };
		B07A37482C28A0A900C6D287 /* CardsViewModel.swift */ = {isa = PBXFileReference; lastKnownFileType = sourcecode.swift; path = CardsViewModel.swift; sourceTree = "<group>"; };
		B07A37582C28A12800C6D287 /* User.swift */ = {isa = PBXFileReference; lastKnownFileType = sourcecode.swift; path = User.swift; sourceTree = "<group>"; };
		B07A375A2C28A13100C6D287 /* Recipe.swift */ = {isa = PBXFileReference; lastKnownFileType = sourcecode.swift; path = Recipe.swift; sourceTree = "<group>"; };
		B07A375C2C28A13E00C6D287 /* CardModel.swift */ = {isa = PBXFileReference; lastKnownFileType = sourcecode.swift; path = CardModel.swift; sourceTree = "<group>"; };
		B07A375E2C28A14800C6D287 /* GameCard.swift */ = {isa = PBXFileReference; lastKnownFileType = sourcecode.swift; path = GameCard.swift; sourceTree = "<group>"; };
		B07A37622C28A17200C6D287 /* CardService.swift */ = {isa = PBXFileReference; lastKnownFileType = sourcecode.swift; path = CardService.swift; sourceTree = "<group>"; };
		B07A37662C28A19200C6D287 /* RecipePromptUtil.swift */ = {isa = PBXFileReference; lastKnownFileType = sourcecode.swift; path = RecipePromptUtil.swift; sourceTree = "<group>"; };
		B07A37682C28A19C00C6D287 /* SizeConstants.swift */ = {isa = PBXFileReference; lastKnownFileType = sourcecode.swift; path = SizeConstants.swift; sourceTree = "<group>"; };
		B07A376C2C28A1C500C6D287 /* TextInputView.swift */ = {isa = PBXFileReference; lastKnownFileType = sourcecode.swift; path = TextInputView.swift; sourceTree = "<group>"; };
		B07A376E2C28A1D300C6D287 /* ProfileHeaderView.swift */ = {isa = PBXFileReference; lastKnownFileType = sourcecode.swift; path = ProfileHeaderView.swift; sourceTree = "<group>"; };
		B07A37702C28A1DA00C6D287 /* CardStackView.swift */ = {isa = PBXFileReference; lastKnownFileType = sourcecode.swift; path = CardStackView.swift; sourceTree = "<group>"; };
		B07A37722C28A1E800C6D287 /* SwipeActionButtonsView.swift */ = {isa = PBXFileReference; lastKnownFileType = sourcecode.swift; path = SwipeActionButtonsView.swift; sourceTree = "<group>"; };
		B07A37742C28A1F700C6D287 /* GeneratingRecipesView.swift */ = {isa = PBXFileReference; lastKnownFileType = sourcecode.swift; path = GeneratingRecipesView.swift; sourceTree = "<group>"; };
		B07A37762C28A20200C6D287 /* GameCardView.swift */ = {isa = PBXFileReference; lastKnownFileType = sourcecode.swift; path = GameCardView.swift; sourceTree = "<group>"; };
		B07A37782C28A20C00C6D287 /* GridView.swift */ = {isa = PBXFileReference; lastKnownFileType = sourcecode.swift; path = GridView.swift; sourceTree = "<group>"; };
		B07A377A2C28A2C000C6D287 /* OpenAIService.swift */ = {isa = PBXFileReference; lastKnownFileType = sourcecode.swift; path = OpenAIService.swift; sourceTree = "<group>"; };
		B07A378F2C28A6B800C6D287 /* RegistrationView.swift */ = {isa = PBXFileReference; lastKnownFileType = sourcecode.swift; path = RegistrationView.swift; sourceTree = "<group>"; };
		B07A37912C28A6E900C6D287 /* NewUserPreferencesView.swift */ = {isa = PBXFileReference; lastKnownFileType = sourcecode.swift; path = NewUserPreferencesView.swift; sourceTree = "<group>"; };
		B07A37932C28A70B00C6D287 /* IconSelectionView.swift */ = {isa = PBXFileReference; lastKnownFileType = sourcecode.swift; path = IconSelectionView.swift; sourceTree = "<group>"; };
		B07A37952C28A7C500C6D287 /* PreferencesView.swift */ = {isa = PBXFileReference; lastKnownFileType = sourcecode.swift; path = PreferencesView.swift; sourceTree = "<group>"; };
		B07A37972C28A80300C6D287 /* LikedRecipesView.swift */ = {isa = PBXFileReference; lastKnownFileType = sourcecode.swift; path = LikedRecipesView.swift; sourceTree = "<group>"; };
		B07A37992C28A81500C6D287 /* SavedRecipesView.swift */ = {isa = PBXFileReference; lastKnownFileType = sourcecode.swift; path = SavedRecipesView.swift; sourceTree = "<group>"; };
		B07A379B2C28A8A800C6D287 /* SwipeAction.swift */ = {isa = PBXFileReference; lastKnownFileType = sourcecode.swift; path = SwipeAction.swift; sourceTree = "<group>"; };
		B07A379D2C28A8C700C6D287 /* RecipeSheetView.swift */ = {isa = PBXFileReference; lastKnownFileType = sourcecode.swift; path = RecipeSheetView.swift; sourceTree = "<group>"; };
		B07A379F2C28A8FA00C6D287 /* RecipeInfoView.swift */ = {isa = PBXFileReference; lastKnownFileType = sourcecode.swift; path = RecipeInfoView.swift; sourceTree = "<group>"; };
		B07A37A12C28A93900C6D287 /* CardView.swift */ = {isa = PBXFileReference; lastKnownFileType = sourcecode.swift; path = CardView.swift; sourceTree = "<group>"; };
		B07A37A72C28AAD800C6D287 /* CookbookView.swift */ = {isa = PBXFileReference; lastKnownFileType = sourcecode.swift; path = CookbookView.swift; sourceTree = "<group>"; };
		B07A37A92C28AF9C00C6D287 /* MatchingGameView.swift */ = {isa = PBXFileReference; lastKnownFileType = sourcecode.swift; path = MatchingGameView.swift; sourceTree = "<group>"; };
		B08237E22C39A546003E5A70 /* blendr AI.storekit */ = {isa = PBXFileReference; lastKnownFileType = text; path = "blendr AI.storekit"; sourceTree = "<group>"; };
		B08237E62C3B2019003E5A70 /* Tip.swift */ = {isa = PBXFileReference; lastKnownFileType = sourcecode.swift; path = Tip.swift; sourceTree = "<group>"; };
		B08237E82C3B53FA003E5A70 /* TOSView.swift */ = {isa = PBXFileReference; lastKnownFileType = sourcecode.swift; path = TOSView.swift; sourceTree = "<group>"; };
		B08237EE2C3C28AD003E5A70 /* TOS.pdf */ = {isa = PBXFileReference; lastKnownFileType = image.pdf; path = TOS.pdf; sourceTree = "<group>"; };
		B08237F02C3C57C3003E5A70 /* PrivacyPolicy.pdf */ = {isa = PBXFileReference; lastKnownFileType = image.pdf; path = PrivacyPolicy.pdf; sourceTree = "<group>"; };
		B08237F22C3C57F6003E5A70 /* PrivacyPolicyView.swift */ = {isa = PBXFileReference; lastKnownFileType = sourcecode.swift; path = PrivacyPolicyView.swift; sourceTree = "<group>"; };
		B0EAF0F62C35CC5A004F7DBD /* Credentials.swift */ = {isa = PBXFileReference; lastKnownFileType = sourcecode.swift; path = Credentials.swift; sourceTree = "<group>"; };
		B0FD021E2C29B9830055040A /* Info.plist */ = {isa = PBXFileReference; lastKnownFileType = text.plist; path = Info.plist; sourceTree = "<group>"; };
		B0FD022E2C29E4470055040A /* ReauthenticateView.swift */ = {isa = PBXFileReference; lastKnownFileType = sourcecode.swift; path = ReauthenticateView.swift; sourceTree = "<group>"; };
/* End PBXFileReference section */

/* Begin PBXFrameworksBuildPhase section */
		B07A36F82C289E9300C6D287 /* Frameworks */ = {
			isa = PBXFrameworksBuildPhase;
			buildActionMask = 2147483647;
			files = (
				B07A37812C28A46000C6D287 /* RevenueCat in Frameworks */,
				B06A04602C2F576F0049A680 /* FirebaseAuth in Frameworks */,
				B06A04782C3456070049A680 /* GoogleMobileAds in Frameworks */,
				B06A04662C2F576F0049A680 /* FirebaseStorage in Frameworks */,
				B07A377E2C28A40A00C6D287 /* OpenAI in Frameworks */,
				B07A37832C28A46000C6D287 /* RevenueCatUI in Frameworks */,
				B00932772C2F4B48002B8129 /* StoreKit.framework in Frameworks */,
				B00932612C2A0DFB002B8129 /* ConfettiSwiftUI in Frameworks */,
				B06A04622C2F576F0049A680 /* FirebaseFirestore in Frameworks */,
				B06A04642C2F576F0049A680 /* FirebaseFirestoreSwift in Frameworks */,
			);
			runOnlyForDeploymentPostprocessing = 0;
		};
		B07A37092C289E9400C6D287 /* Frameworks */ = {
			isa = PBXFrameworksBuildPhase;
			buildActionMask = 2147483647;
			files = (
			);
			runOnlyForDeploymentPostprocessing = 0;
		};
		B07A37132C289E9400C6D287 /* Frameworks */ = {
			isa = PBXFrameworksBuildPhase;
			buildActionMask = 2147483647;
			files = (
			);
			runOnlyForDeploymentPostprocessing = 0;
		};
/* End PBXFrameworksBuildPhase section */

/* Begin PBXGroup section */
		B00932642C2B0FF1002B8129 /* Frameworks */ = {
			isa = PBXGroup;
			children = (
				B00932652C2B0FF1002B8129 /* StoreKit.framework */,
			);
			name = Frameworks;
			sourceTree = "<group>";
		};
		B07A36F22C289E9300C6D287 = {
			isa = PBXGroup;
			children = (
				B06A04702C32FC640049A680 /* StoreKitTestCertificate.cer */,
				B07A36FD2C289E9300C6D287 /* blendr */,
				B07A370F2C289E9400C6D287 /* blendrTests */,
				B07A37192C289E9400C6D287 /* blendrUITests */,
				B07A36FC2C289E9300C6D287 /* Products */,
				B00932642C2B0FF1002B8129 /* Frameworks */,
			);
			sourceTree = "<group>";
		};
		B07A36FC2C289E9300C6D287 /* Products */ = {
			isa = PBXGroup;
			children = (
				B07A36FB2C289E9300C6D287 /* blendr.app */,
				B07A370C2C289E9400C6D287 /* blendrTests.xctest */,
				B07A37162C289E9400C6D287 /* blendrUITests.xctest */,
			);
			name = Products;
			sourceTree = "<group>";
		};
		B07A36FD2C289E9300C6D287 /* blendr */ = {
			isa = PBXGroup;
			children = (
				B08237F02C3C57C3003E5A70 /* PrivacyPolicy.pdf */,
				B08237EE2C3C28AD003E5A70 /* TOS.pdf */,
				B04C772A2C2F4DCF008B72E8 /* GoogleService-Info.plist */,
				B0FD021E2C29B9830055040A /* Info.plist */,
				B07A37292C289F2600C6D287 /* App */,
				B07A37022C289E9300C6D287 /* Assets.xcassets */,
				B07A37042C289E9300C6D287 /* blendr.entitlements */,
				B07A372F2C289F5D00C6D287 /* Components */,
				B07A372C2C289F4700C6D287 /* Models */,
				B07A37052C289E9300C6D287 /* Preview Content */,
				B07A372D2C289F4C00C6D287 /* Services */,
				B07A372E2C289F5600C6D287 /* Utilities */,
				B07A372B2C289F3E00C6D287 /* ViewModels */,
				B07A372A2C289F3800C6D287 /* Views */,
				B08237E22C39A546003E5A70 /* blendr AI.storekit */,
			);
			path = blendr;
			sourceTree = "<group>";
		};
		B07A37052C289E9300C6D287 /* Preview Content */ = {
			isa = PBXGroup;
			children = (
				B07A37062C289E9300C6D287 /* Preview Assets.xcassets */,
			);
			path = "Preview Content";
			sourceTree = "<group>";
		};
		B07A370F2C289E9400C6D287 /* blendrTests */ = {
			isa = PBXGroup;
			children = (
				B07A37102C289E9400C6D287 /* blendrTests.swift */,
			);
			path = blendrTests;
			sourceTree = "<group>";
		};
		B07A37192C289E9400C6D287 /* blendrUITests */ = {
			isa = PBXGroup;
			children = (
				B07A371A2C289E9400C6D287 /* blendrUITests.swift */,
				B07A371C2C289E9400C6D287 /* blendrUITestsLaunchTests.swift */,
			);
			path = blendrUITests;
			sourceTree = "<group>";
		};
		B07A37292C289F2600C6D287 /* App */ = {
			isa = PBXGroup;
			children = (
				B07A36FE2C289E9300C6D287 /* blendrApp.swift */,
			);
			path = App;
			sourceTree = "<group>";
		};
		B07A372A2C289F3800C6D287 /* Views */ = {
			isa = PBXGroup;
			children = (
				B07A37002C289E9300C6D287 /* ContentView.swift */,
				B07A37302C289FB400C6D287 /* LoginView.swift */,
				B07A37322C28A00D00C6D287 /* MainTabView.swift */,
				B07A37342C28A01800C6D287 /* NewUserOnboardingView.swift */,
				B07A37362C28A02200C6D287 /* ProfileView.swift */,
				B07A37442C28A08900C6D287 /* RecipeDetailView.swift */,
				B07A378F2C28A6B800C6D287 /* RegistrationView.swift */,
				B07A37912C28A6E900C6D287 /* NewUserPreferencesView.swift */,
				B07A37932C28A70B00C6D287 /* IconSelectionView.swift */,
				B07A37952C28A7C500C6D287 /* PreferencesView.swift */,
				B07A37972C28A80300C6D287 /* LikedRecipesView.swift */,
				B07A37992C28A81500C6D287 /* SavedRecipesView.swift */,
				B07A379D2C28A8C700C6D287 /* RecipeSheetView.swift */,
				B07A379F2C28A8FA00C6D287 /* RecipeInfoView.swift */,
				B07A37A72C28AAD800C6D287 /* CookbookView.swift */,
				B07A37A92C28AF9C00C6D287 /* MatchingGameView.swift */,
				B0FD022E2C29E4470055040A /* ReauthenticateView.swift */,
				B00932622C2A2510002B8129 /* ProgressBarView.swift */,
				B00932672C2B10DF002B8129 /* PaywallView.swift */,
				B009326A2C2D9EB1002B8129 /* InputView.swift */,
				B009326E2C2DBB8A002B8129 /* HomeView.swift */,
				B06A04722C3325980049A680 /* GetSwipesView.swift */,
				B08237E82C3B53FA003E5A70 /* TOSView.swift */,
				B08237F22C3C57F6003E5A70 /* PrivacyPolicyView.swift */,
			);
			path = Views;
			sourceTree = "<group>";
		};
		B07A372B2C289F3E00C6D287 /* ViewModels */ = {
			isa = PBXGroup;
			children = (
				B07A37462C28A09C00C6D287 /* AuthViewModel.swift */,
				B07A37482C28A0A900C6D287 /* CardsViewModel.swift */,
				B00932702C2DE930002B8129 /* MatchingGameViewModel.swift */,
			);
			path = ViewModels;
			sourceTree = "<group>";
		};
		B07A372C2C289F4700C6D287 /* Models */ = {
			isa = PBXGroup;
			children = (
				B07A375C2C28A13E00C6D287 /* CardModel.swift */,
				B07A375E2C28A14800C6D287 /* GameCard.swift */,
				B07A375A2C28A13100C6D287 /* Recipe.swift */,
				B07A37582C28A12800C6D287 /* User.swift */,
				B07A379B2C28A8A800C6D287 /* SwipeAction.swift */,
				B0EAF0F62C35CC5A004F7DBD /* Credentials.swift */,
			);
			path = Models;
			sourceTree = "<group>";
		};
		B07A372D2C289F4C00C6D287 /* Services */ = {
			isa = PBXGroup;
			children = (
				B07A37622C28A17200C6D287 /* CardService.swift */,
				B07A377A2C28A2C000C6D287 /* OpenAIService.swift */,
				B06A04792C3456BB0049A680 /* InterstitialAdsManager.swift */,
				B06A047B2C3477400049A680 /* RewardedAdsManager.swift */,
			);
			path = Services;
			sourceTree = "<group>";
		};
		B07A372E2C289F5600C6D287 /* Utilities */ = {
			isa = PBXGroup;
			children = (
				B07A37662C28A19200C6D287 /* RecipePromptUtil.swift */,
				B07A37682C28A19C00C6D287 /* SizeConstants.swift */,
			);
			path = Utilities;
			sourceTree = "<group>";
		};
		B07A372F2C289F5D00C6D287 /* Components */ = {
			isa = PBXGroup;
			children = (
				B07A37702C28A1DA00C6D287 /* CardStackView.swift */,
				B07A37762C28A20200C6D287 /* GameCardView.swift */,
				B07A37742C28A1F700C6D287 /* GeneratingRecipesView.swift */,
				B07A37782C28A20C00C6D287 /* GridView.swift */,
				B07A376C2C28A1C500C6D287 /* TextInputView.swift */,
				B07A376E2C28A1D300C6D287 /* ProfileHeaderView.swift */,
				B07A37722C28A1E800C6D287 /* SwipeActionButtonsView.swift */,
				B07A37A12C28A93900C6D287 /* CardView.swift */,
				B08237E62C3B2019003E5A70 /* Tip.swift */,
			);
			path = Components;
			sourceTree = "<group>";
		};
/* End PBXGroup section */

/* Begin PBXNativeTarget section */
		B07A36FA2C289E9300C6D287 /* blendr */ = {
			isa = PBXNativeTarget;
			buildConfigurationList = B07A37202C289E9400C6D287 /* Build configuration list for PBXNativeTarget "blendr" */;
			buildPhases = (
				B07A36F72C289E9300C6D287 /* Sources */,
				B07A36F82C289E9300C6D287 /* Frameworks */,
				B07A36F92C289E9300C6D287 /* Resources */,
			);
			buildRules = (
			);
			dependencies = (
			);
			name = blendr;
			packageProductDependencies = (
				B07A377D2C28A40A00C6D287 /* OpenAI */,
				B07A37802C28A46000C6D287 /* RevenueCat */,
				B07A37822C28A46000C6D287 /* RevenueCatUI */,
				B00932602C2A0DFB002B8129 /* ConfettiSwiftUI */,
				B06A045F2C2F576F0049A680 /* FirebaseAuth */,
				B06A04612C2F576F0049A680 /* FirebaseFirestore */,
				B06A04632C2F576F0049A680 /* FirebaseFirestoreSwift */,
				B06A04652C2F576F0049A680 /* FirebaseStorage */,
				B06A04772C3456070049A680 /* GoogleMobileAds */,
			);
			productName = blendr;
			productReference = B07A36FB2C289E9300C6D287 /* blendr.app */;
			productType = "com.apple.product-type.application";
		};
		B07A370B2C289E9400C6D287 /* blendrTests */ = {
			isa = PBXNativeTarget;
			buildConfigurationList = B07A37232C289E9400C6D287 /* Build configuration list for PBXNativeTarget "blendrTests" */;
			buildPhases = (
				B07A37082C289E9400C6D287 /* Sources */,
				B07A37092C289E9400C6D287 /* Frameworks */,
				B07A370A2C289E9400C6D287 /* Resources */,
			);
			buildRules = (
			);
			dependencies = (
				B07A370E2C289E9400C6D287 /* PBXTargetDependency */,
			);
			name = blendrTests;
			productName = blendrTests;
			productReference = B07A370C2C289E9400C6D287 /* blendrTests.xctest */;
			productType = "com.apple.product-type.bundle.unit-test";
		};
		B07A37152C289E9400C6D287 /* blendrUITests */ = {
			isa = PBXNativeTarget;
			buildConfigurationList = B07A37262C289E9400C6D287 /* Build configuration list for PBXNativeTarget "blendrUITests" */;
			buildPhases = (
				B07A37122C289E9400C6D287 /* Sources */,
				B07A37132C289E9400C6D287 /* Frameworks */,
				B07A37142C289E9400C6D287 /* Resources */,
			);
			buildRules = (
			);
			dependencies = (
				B07A37182C289E9400C6D287 /* PBXTargetDependency */,
			);
			name = blendrUITests;
			productName = blendrUITests;
			productReference = B07A37162C289E9400C6D287 /* blendrUITests.xctest */;
			productType = "com.apple.product-type.bundle.ui-testing";
		};
/* End PBXNativeTarget section */

/* Begin PBXProject section */
		B07A36F32C289E9300C6D287 /* Project object */ = {
			isa = PBXProject;
			attributes = {
				BuildIndependentTargetsInParallel = 1;
				LastSwiftUpdateCheck = 1540;
				LastUpgradeCheck = 1540;
				TargetAttributes = {
					B07A36FA2C289E9300C6D287 = {
						CreatedOnToolsVersion = 15.4;
					};
					B07A370B2C289E9400C6D287 = {
						CreatedOnToolsVersion = 15.4;
						TestTargetID = B07A36FA2C289E9300C6D287;
					};
					B07A37152C289E9400C6D287 = {
						CreatedOnToolsVersion = 15.4;
						TestTargetID = B07A36FA2C289E9300C6D287;
					};
				};
			};
			buildConfigurationList = B07A36F62C289E9300C6D287 /* Build configuration list for PBXProject "blendr" */;
			compatibilityVersion = "Xcode 14.0";
			developmentRegion = en;
			hasScannedForEncodings = 0;
			knownRegions = (
				en,
				Base,
			);
			mainGroup = B07A36F22C289E9300C6D287;
			packageReferences = (
				B07A377C2C28A40A00C6D287 /* XCRemoteSwiftPackageReference "OpenAI" */,
				B07A377F2C28A46000C6D287 /* XCRemoteSwiftPackageReference "purchases-ios-spm" */,
				B009325F2C2A0DFB002B8129 /* XCRemoteSwiftPackageReference "ConfettiSwiftUI" */,
				B06A045E2C2F576F0049A680 /* XCRemoteSwiftPackageReference "firebase-ios-sdk" */,
				B06A04762C3456070049A680 /* XCRemoteSwiftPackageReference "swift-package-manager-google-mobile-ads" */,
			);
			productRefGroup = B07A36FC2C289E9300C6D287 /* Products */;
			projectDirPath = "";
			projectRoot = "";
			targets = (
				B07A36FA2C289E9300C6D287 /* blendr */,
				B07A370B2C289E9400C6D287 /* blendrTests */,
				B07A37152C289E9400C6D287 /* blendrUITests */,
			);
		};
/* End PBXProject section */

/* Begin PBXResourcesBuildPhase section */
		B07A36F92C289E9300C6D287 /* Resources */ = {
			isa = PBXResourcesBuildPhase;
			buildActionMask = 2147483647;
			files = (
				B08237F12C3C57C3003E5A70 /* PrivacyPolicy.pdf in Resources */,
				B08237EF2C3C28AD003E5A70 /* TOS.pdf in Resources */,
				B06A04712C32FC640049A680 /* StoreKitTestCertificate.cer in Resources */,
				B07A37072C289E9300C6D287 /* Preview Assets.xcassets in Resources */,
				B07A37032C289E9300C6D287 /* Assets.xcassets in Resources */,
				B04C772B2C2F4DCF008B72E8 /* GoogleService-Info.plist in Resources */,
			);
			runOnlyForDeploymentPostprocessing = 0;
		};
		B07A370A2C289E9400C6D287 /* Resources */ = {
			isa = PBXResourcesBuildPhase;
			buildActionMask = 2147483647;
			files = (
			);
			runOnlyForDeploymentPostprocessing = 0;
		};
		B07A37142C289E9400C6D287 /* Resources */ = {
			isa = PBXResourcesBuildPhase;
			buildActionMask = 2147483647;
			files = (
			);
			runOnlyForDeploymentPostprocessing = 0;
		};
/* End PBXResourcesBuildPhase section */

/* Begin PBXSourcesBuildPhase section */
		B07A36F72C289E9300C6D287 /* Sources */ = {
			isa = PBXSourcesBuildPhase;
			buildActionMask = 2147483647;
			files = (
				B07A37352C28A01800C6D287 /* NewUserOnboardingView.swift in Sources */,
				B08237F32C3C57F6003E5A70 /* PrivacyPolicyView.swift in Sources */,
				B06A04732C3325980049A680 /* GetSwipesView.swift in Sources */,
				B07A376D2C28A1C500C6D287 /* TextInputView.swift in Sources */,
				B07A37752C28A1F700C6D287 /* GeneratingRecipesView.swift in Sources */,
				B07A37492C28A0A900C6D287 /* CardsViewModel.swift in Sources */,
				B07A377B2C28A2C000C6D287 /* OpenAIService.swift in Sources */,
				B07A379C2C28A8A800C6D287 /* SwipeAction.swift in Sources */,
				B07A37452C28A08900C6D287 /* RecipeDetailView.swift in Sources */,
				B07A37A02C28A8FA00C6D287 /* RecipeInfoView.swift in Sources */,
				B07A375D2C28A13E00C6D287 /* CardModel.swift in Sources */,
				B07A376F2C28A1D300C6D287 /* ProfileHeaderView.swift in Sources */,
				B00932632C2A2510002B8129 /* ProgressBarView.swift in Sources */,
				B0FD022F2C29E4470055040A /* ReauthenticateView.swift in Sources */,
				B009326B2C2D9EB1002B8129 /* InputView.swift in Sources */,
				B07A37AA2C28AF9C00C6D287 /* MatchingGameView.swift in Sources */,
				B07A37632C28A17200C6D287 /* CardService.swift in Sources */,
				B0EAF0F72C35CC5A004F7DBD /* Credentials.swift in Sources */,
				B07A37A22C28A93900C6D287 /* CardView.swift in Sources */,
				B07A37902C28A6B800C6D287 /* RegistrationView.swift in Sources */,
				B07A37312C289FB400C6D287 /* LoginView.swift in Sources */,
				B07A37012C289E9300C6D287 /* ContentView.swift in Sources */,
				B07A375B2C28A13100C6D287 /* Recipe.swift in Sources */,
				B06A047C2C3477400049A680 /* RewardedAdsManager.swift in Sources */,
				B07A37592C28A12800C6D287 /* User.swift in Sources */,
				B07A37672C28A19200C6D287 /* RecipePromptUtil.swift in Sources */,
				B07A379A2C28A81500C6D287 /* SavedRecipesView.swift in Sources */,
				B07A37732C28A1E800C6D287 /* SwipeActionButtonsView.swift in Sources */,
				B07A375F2C28A14800C6D287 /* GameCard.swift in Sources */,
				B07A379E2C28A8C700C6D287 /* RecipeSheetView.swift in Sources */,
				B07A37A82C28AAD800C6D287 /* CookbookView.swift in Sources */,
				B07A36FF2C289E9300C6D287 /* blendrApp.swift in Sources */,
				B06A047A2C3456BB0049A680 /* InterstitialAdsManager.swift in Sources */,
				B07A37472C28A09C00C6D287 /* AuthViewModel.swift in Sources */,
				B00932682C2B10DF002B8129 /* PaywallView.swift in Sources */,
				B009326F2C2DBB8A002B8129 /* HomeView.swift in Sources */,
				B00932712C2DE931002B8129 /* MatchingGameViewModel.swift in Sources */,
				B07A37942C28A70B00C6D287 /* IconSelectionView.swift in Sources */,
				B07A37712C28A1DA00C6D287 /* CardStackView.swift in Sources */,
				B08237E72C3B2019003E5A70 /* Tip.swift in Sources */,
				B07A37372C28A02200C6D287 /* ProfileView.swift in Sources */,
				B07A37772C28A20200C6D287 /* GameCardView.swift in Sources */,
				B08237E92C3B53FA003E5A70 /* TOSView.swift in Sources */,
				B07A37962C28A7C500C6D287 /* PreferencesView.swift in Sources */,
				B07A37692C28A19C00C6D287 /* SizeConstants.swift in Sources */,
				B07A37922C28A6E900C6D287 /* NewUserPreferencesView.swift in Sources */,
				B07A37792C28A20C00C6D287 /* GridView.swift in Sources */,
				B07A37332C28A00D00C6D287 /* MainTabView.swift in Sources */,
				B07A37982C28A80300C6D287 /* LikedRecipesView.swift in Sources */,
			);
			runOnlyForDeploymentPostprocessing = 0;
		};
		B07A37082C289E9400C6D287 /* Sources */ = {
			isa = PBXSourcesBuildPhase;
			buildActionMask = 2147483647;
			files = (
				B07A37112C289E9400C6D287 /* blendrTests.swift in Sources */,
			);
			runOnlyForDeploymentPostprocessing = 0;
		};
		B07A37122C289E9400C6D287 /* Sources */ = {
			isa = PBXSourcesBuildPhase;
			buildActionMask = 2147483647;
			files = (
				B07A371B2C289E9400C6D287 /* blendrUITests.swift in Sources */,
				B07A371D2C289E9400C6D287 /* blendrUITestsLaunchTests.swift in Sources */,
			);
			runOnlyForDeploymentPostprocessing = 0;
		};
/* End PBXSourcesBuildPhase section */

/* Begin PBXTargetDependency section */
		B07A370E2C289E9400C6D287 /* PBXTargetDependency */ = {
			isa = PBXTargetDependency;
			target = B07A36FA2C289E9300C6D287 /* blendr */;
			targetProxy = B07A370D2C289E9400C6D287 /* PBXContainerItemProxy */;
		};
		B07A37182C289E9400C6D287 /* PBXTargetDependency */ = {
			isa = PBXTargetDependency;
			target = B07A36FA2C289E9300C6D287 /* blendr */;
			targetProxy = B07A37172C289E9400C6D287 /* PBXContainerItemProxy */;
		};
/* End PBXTargetDependency section */

/* Begin XCBuildConfiguration section */
		B07A371E2C289E9400C6D287 /* Debug */ = {
			isa = XCBuildConfiguration;
			buildSettings = {
				ALWAYS_SEARCH_USER_PATHS = NO;
				ASSETCATALOG_COMPILER_GENERATE_SWIFT_ASSET_SYMBOL_EXTENSIONS = YES;
				CLANG_ANALYZER_NONNULL = YES;
				CLANG_ANALYZER_NUMBER_OBJECT_CONVERSION = YES_AGGRESSIVE;
				CLANG_CXX_LANGUAGE_STANDARD = "gnu++20";
				CLANG_ENABLE_MODULES = YES;
				CLANG_ENABLE_OBJC_ARC = YES;
				CLANG_ENABLE_OBJC_WEAK = YES;
				CLANG_WARN_BLOCK_CAPTURE_AUTORELEASING = YES;
				CLANG_WARN_BOOL_CONVERSION = YES;
				CLANG_WARN_COMMA = YES;
				CLANG_WARN_CONSTANT_CONVERSION = YES;
				CLANG_WARN_DEPRECATED_OBJC_IMPLEMENTATIONS = YES;
				CLANG_WARN_DIRECT_OBJC_ISA_USAGE = YES_ERROR;
				CLANG_WARN_DOCUMENTATION_COMMENTS = YES;
				CLANG_WARN_EMPTY_BODY = YES;
				CLANG_WARN_ENUM_CONVERSION = YES;
				CLANG_WARN_INFINITE_RECURSION = YES;
				CLANG_WARN_INT_CONVERSION = YES;
				CLANG_WARN_NON_LITERAL_NULL_CONVERSION = YES;
				CLANG_WARN_OBJC_IMPLICIT_RETAIN_SELF = YES;
				CLANG_WARN_OBJC_LITERAL_CONVERSION = YES;
				CLANG_WARN_OBJC_ROOT_CLASS = YES_ERROR;
				CLANG_WARN_QUOTED_INCLUDE_IN_FRAMEWORK_HEADER = YES;
				CLANG_WARN_RANGE_LOOP_ANALYSIS = YES;
				CLANG_WARN_STRICT_PROTOTYPES = YES;
				CLANG_WARN_SUSPICIOUS_MOVE = YES;
				CLANG_WARN_UNGUARDED_AVAILABILITY = YES_AGGRESSIVE;
				CLANG_WARN_UNREACHABLE_CODE = YES;
				CLANG_WARN__DUPLICATE_METHOD_MATCH = YES;
				COPY_PHASE_STRIP = NO;
				DEAD_CODE_STRIPPING = YES;
				DEBUG_INFORMATION_FORMAT = dwarf;
				ENABLE_STRICT_OBJC_MSGSEND = YES;
				ENABLE_TESTABILITY = YES;
				ENABLE_USER_SCRIPT_SANDBOXING = NO;
				GCC_C_LANGUAGE_STANDARD = gnu17;
				GCC_DYNAMIC_NO_PIC = NO;
				GCC_NO_COMMON_BLOCKS = YES;
				GCC_OPTIMIZATION_LEVEL = 0;
				GCC_PREPROCESSOR_DEFINITIONS = (
					"DEBUG=1",
					"$(inherited)",
				);
				GCC_WARN_64_TO_32_BIT_CONVERSION = YES;
				GCC_WARN_ABOUT_RETURN_TYPE = YES_ERROR;
				GCC_WARN_UNDECLARED_SELECTOR = YES;
				GCC_WARN_UNINITIALIZED_AUTOS = YES_AGGRESSIVE;
				GCC_WARN_UNUSED_FUNCTION = YES;
				GCC_WARN_UNUSED_VARIABLE = YES;
				LOCALIZATION_PREFERS_STRING_CATALOGS = YES;
				MTL_ENABLE_DEBUG_INFO = INCLUDE_SOURCE;
				MTL_FAST_MATH = YES;
				ONLY_ACTIVE_ARCH = YES;
				OTHER_LDFLAGS = "-ObjC";
				SWIFT_ACTIVE_COMPILATION_CONDITIONS = "DEBUG $(inherited)";
				SWIFT_OPTIMIZATION_LEVEL = "-Onone";
			};
			name = Debug;
		};
		B07A371F2C289E9400C6D287 /* Release */ = {
			isa = XCBuildConfiguration;
			buildSettings = {
				ALWAYS_SEARCH_USER_PATHS = NO;
				ASSETCATALOG_COMPILER_GENERATE_SWIFT_ASSET_SYMBOL_EXTENSIONS = YES;
				CLANG_ANALYZER_NONNULL = YES;
				CLANG_ANALYZER_NUMBER_OBJECT_CONVERSION = YES_AGGRESSIVE;
				CLANG_CXX_LANGUAGE_STANDARD = "gnu++20";
				CLANG_ENABLE_MODULES = YES;
				CLANG_ENABLE_OBJC_ARC = YES;
				CLANG_ENABLE_OBJC_WEAK = YES;
				CLANG_WARN_BLOCK_CAPTURE_AUTORELEASING = YES;
				CLANG_WARN_BOOL_CONVERSION = YES;
				CLANG_WARN_COMMA = YES;
				CLANG_WARN_CONSTANT_CONVERSION = YES;
				CLANG_WARN_DEPRECATED_OBJC_IMPLEMENTATIONS = YES;
				CLANG_WARN_DIRECT_OBJC_ISA_USAGE = YES_ERROR;
				CLANG_WARN_DOCUMENTATION_COMMENTS = YES;
				CLANG_WARN_EMPTY_BODY = YES;
				CLANG_WARN_ENUM_CONVERSION = YES;
				CLANG_WARN_INFINITE_RECURSION = YES;
				CLANG_WARN_INT_CONVERSION = YES;
				CLANG_WARN_NON_LITERAL_NULL_CONVERSION = YES;
				CLANG_WARN_OBJC_IMPLICIT_RETAIN_SELF = YES;
				CLANG_WARN_OBJC_LITERAL_CONVERSION = YES;
				CLANG_WARN_OBJC_ROOT_CLASS = YES_ERROR;
				CLANG_WARN_QUOTED_INCLUDE_IN_FRAMEWORK_HEADER = YES;
				CLANG_WARN_RANGE_LOOP_ANALYSIS = YES;
				CLANG_WARN_STRICT_PROTOTYPES = YES;
				CLANG_WARN_SUSPICIOUS_MOVE = YES;
				CLANG_WARN_UNGUARDED_AVAILABILITY = YES_AGGRESSIVE;
				CLANG_WARN_UNREACHABLE_CODE = YES;
				CLANG_WARN__DUPLICATE_METHOD_MATCH = YES;
				COPY_PHASE_STRIP = NO;
				DEAD_CODE_STRIPPING = YES;
				DEBUG_INFORMATION_FORMAT = "dwarf-with-dsym";
				ENABLE_NS_ASSERTIONS = NO;
				ENABLE_STRICT_OBJC_MSGSEND = YES;
				ENABLE_USER_SCRIPT_SANDBOXING = NO;
				GCC_C_LANGUAGE_STANDARD = gnu17;
				GCC_NO_COMMON_BLOCKS = YES;
				GCC_WARN_64_TO_32_BIT_CONVERSION = YES;
				GCC_WARN_ABOUT_RETURN_TYPE = YES_ERROR;
				GCC_WARN_UNDECLARED_SELECTOR = YES;
				GCC_WARN_UNINITIALIZED_AUTOS = YES_AGGRESSIVE;
				GCC_WARN_UNUSED_FUNCTION = YES;
				GCC_WARN_UNUSED_VARIABLE = YES;
				LOCALIZATION_PREFERS_STRING_CATALOGS = YES;
				MTL_ENABLE_DEBUG_INFO = NO;
				MTL_FAST_MATH = YES;
				OTHER_LDFLAGS = "-ObjC";
				SWIFT_COMPILATION_MODE = wholemodule;
			};
			name = Release;
		};
		B07A37212C289E9400C6D287 /* Debug */ = {
			isa = XCBuildConfiguration;
			buildSettings = {
				ASSETCATALOG_COMPILER_APPICON_NAME = AppIcon;
				ASSETCATALOG_COMPILER_GLOBAL_ACCENT_COLOR_NAME = AccentColor;
				CODE_SIGN_ENTITLEMENTS = blendr/blendr.entitlements;
				CODE_SIGN_STYLE = Automatic;
				CURRENT_PROJECT_VERSION = 1;
				DEAD_CODE_STRIPPING = YES;
				DEVELOPMENT_ASSET_PATHS = "\"blendr/Preview Content\"";
				DEVELOPMENT_TEAM = DJ45M3T43C;
				ENABLE_PREVIEWS = YES;
				GENERATE_INFOPLIST_FILE = YES;
				INFOPLIST_FILE = blendr/Info.plist;
				INFOPLIST_KEY_CFBundleDisplayName = blendr;
				INFOPLIST_KEY_LSApplicationCategoryType = "public.app-category.food-and-drink";
				INFOPLIST_KEY_NSCameraUsageDescription = "We need access to your camera to capture photos for recipes.";
				INFOPLIST_KEY_NSMicrophoneUsageDescription = "We need access to your microphone to capture voice input for recipes.";
				INFOPLIST_KEY_NSSpeechRecognitionUsageDescription = "We need access speech for input for recipes.";
				"INFOPLIST_KEY_UIApplicationSceneManifest_Generation[sdk=iphoneos*]" = YES;
				"INFOPLIST_KEY_UIApplicationSceneManifest_Generation[sdk=iphonesimulator*]" = YES;
				"INFOPLIST_KEY_UIApplicationSupportsIndirectInputEvents[sdk=iphoneos*]" = YES;
				"INFOPLIST_KEY_UIApplicationSupportsIndirectInputEvents[sdk=iphonesimulator*]" = YES;
				"INFOPLIST_KEY_UILaunchScreen_Generation[sdk=iphoneos*]" = YES;
				"INFOPLIST_KEY_UILaunchScreen_Generation[sdk=iphonesimulator*]" = YES;
				"INFOPLIST_KEY_UIStatusBarStyle[sdk=iphoneos*]" = UIStatusBarStyleDefault;
				"INFOPLIST_KEY_UIStatusBarStyle[sdk=iphonesimulator*]" = UIStatusBarStyleDefault;
				INFOPLIST_KEY_UISupportedInterfaceOrientations_iPhone = UIInterfaceOrientationPortrait;
				INFOPLIST_KEY_UIUserInterfaceStyle = Light;
				IPHONEOS_DEPLOYMENT_TARGET = 17.0;
				LD_RUNPATH_SEARCH_PATHS = "@executable_path/Frameworks";
				"LD_RUNPATH_SEARCH_PATHS[sdk=macosx*]" = "@executable_path/../Frameworks";
				MACOSX_DEPLOYMENT_TARGET = 14.5;
				MARKETING_VERSION = 1.0.2;
				PRODUCT_BUNDLE_IDENTIFIER = com.andrewnielson.blendr;
				PRODUCT_NAME = "$(TARGET_NAME)";
				SDKROOT = auto;
				SUPPORTED_PLATFORMS = "iphoneos iphonesimulator";
				SUPPORTS_MACCATALYST = NO;
				SWIFT_EMIT_LOC_STRINGS = YES;
				SWIFT_VERSION = 5.0;
				TARGETED_DEVICE_FAMILY = 1;
			};
			name = Debug;
		};
		B07A37222C289E9400C6D287 /* Release */ = {
			isa = XCBuildConfiguration;
			buildSettings = {
				ASSETCATALOG_COMPILER_APPICON_NAME = AppIcon;
				ASSETCATALOG_COMPILER_GLOBAL_ACCENT_COLOR_NAME = AccentColor;
				CODE_SIGN_ENTITLEMENTS = blendr/blendr.entitlements;
				CODE_SIGN_STYLE = Automatic;
				CURRENT_PROJECT_VERSION = 1;
				DEAD_CODE_STRIPPING = YES;
				DEVELOPMENT_ASSET_PATHS = "\"blendr/Preview Content\"";
				DEVELOPMENT_TEAM = DJ45M3T43C;
				ENABLE_PREVIEWS = YES;
				GENERATE_INFOPLIST_FILE = YES;
				INFOPLIST_FILE = blendr/Info.plist;
				INFOPLIST_KEY_CFBundleDisplayName = blendr;
				INFOPLIST_KEY_LSApplicationCategoryType = "public.app-category.food-and-drink";
				INFOPLIST_KEY_NSCameraUsageDescription = "We need access to your camera to capture photos for recipes.";
				INFOPLIST_KEY_NSMicrophoneUsageDescription = "We need access to your microphone to capture voice input for recipes.";
				INFOPLIST_KEY_NSSpeechRecognitionUsageDescription = "We need access speech for input for recipes.";
				"INFOPLIST_KEY_UIApplicationSceneManifest_Generation[sdk=iphoneos*]" = YES;
				"INFOPLIST_KEY_UIApplicationSceneManifest_Generation[sdk=iphonesimulator*]" = YES;
				"INFOPLIST_KEY_UIApplicationSupportsIndirectInputEvents[sdk=iphoneos*]" = YES;
				"INFOPLIST_KEY_UIApplicationSupportsIndirectInputEvents[sdk=iphonesimulator*]" = YES;
				"INFOPLIST_KEY_UILaunchScreen_Generation[sdk=iphoneos*]" = YES;
				"INFOPLIST_KEY_UILaunchScreen_Generation[sdk=iphonesimulator*]" = YES;
				"INFOPLIST_KEY_UIStatusBarStyle[sdk=iphoneos*]" = UIStatusBarStyleDefault;
				"INFOPLIST_KEY_UIStatusBarStyle[sdk=iphonesimulator*]" = UIStatusBarStyleDefault;
				INFOPLIST_KEY_UISupportedInterfaceOrientations_iPhone = UIInterfaceOrientationPortrait;
				INFOPLIST_KEY_UIUserInterfaceStyle = Light;
				IPHONEOS_DEPLOYMENT_TARGET = 17.0;
				LD_RUNPATH_SEARCH_PATHS = "@executable_path/Frameworks";
				"LD_RUNPATH_SEARCH_PATHS[sdk=macosx*]" = "@executable_path/../Frameworks";
				MACOSX_DEPLOYMENT_TARGET = 14.5;
				MARKETING_VERSION = 1.0.2;
				PRODUCT_BUNDLE_IDENTIFIER = com.andrewnielson.blendr;
				PRODUCT_NAME = "$(TARGET_NAME)";
				SDKROOT = auto;
				SUPPORTED_PLATFORMS = "iphoneos iphonesimulator";
				SUPPORTS_MACCATALYST = NO;
				SWIFT_EMIT_LOC_STRINGS = YES;
				SWIFT_VERSION = 5.0;
				TARGETED_DEVICE_FAMILY = 1;
			};
			name = Release;
		};
		B07A37242C289E9400C6D287 /* Debug */ = {
			isa = XCBuildConfiguration;
			buildSettings = {
				ALWAYS_EMBED_SWIFT_STANDARD_LIBRARIES = YES;
				BUNDLE_LOADER = "$(TEST_HOST)";
				CODE_SIGN_STYLE = Automatic;
				CURRENT_PROJECT_VERSION = 1;
				DEAD_CODE_STRIPPING = YES;
				GENERATE_INFOPLIST_FILE = YES;
				IPHONEOS_DEPLOYMENT_TARGET = 17.5;
				MACOSX_DEPLOYMENT_TARGET = 14.5;
				MARKETING_VERSION = 1.0;
				PRODUCT_BUNDLE_IDENTIFIER = com.andrewnielson.blendrTests;
				PRODUCT_NAME = "$(TARGET_NAME)";
				SDKROOT = auto;
				SUPPORTED_PLATFORMS = "iphoneos iphonesimulator macosx";
				SWIFT_EMIT_LOC_STRINGS = NO;
				SWIFT_VERSION = 5.0;
				TARGETED_DEVICE_FAMILY = "1,2";
				TEST_HOST = "$(BUILT_PRODUCTS_DIR)/blendr.app/$(BUNDLE_EXECUTABLE_FOLDER_PATH)/blendr";
			};
			name = Debug;
		};
		B07A37252C289E9400C6D287 /* Release */ = {
			isa = XCBuildConfiguration;
			buildSettings = {
				ALWAYS_EMBED_SWIFT_STANDARD_LIBRARIES = YES;
				BUNDLE_LOADER = "$(TEST_HOST)";
				CODE_SIGN_STYLE = Automatic;
				CURRENT_PROJECT_VERSION = 1;
				DEAD_CODE_STRIPPING = YES;
				GENERATE_INFOPLIST_FILE = YES;
				IPHONEOS_DEPLOYMENT_TARGET = 17.5;
				MACOSX_DEPLOYMENT_TARGET = 14.5;
				MARKETING_VERSION = 1.0;
				PRODUCT_BUNDLE_IDENTIFIER = com.andrewnielson.blendrTests;
				PRODUCT_NAME = "$(TARGET_NAME)";
				SDKROOT = auto;
				SUPPORTED_PLATFORMS = "iphoneos iphonesimulator macosx";
				SWIFT_EMIT_LOC_STRINGS = NO;
				SWIFT_VERSION = 5.0;
				TARGETED_DEVICE_FAMILY = "1,2";
				TEST_HOST = "$(BUILT_PRODUCTS_DIR)/blendr.app/$(BUNDLE_EXECUTABLE_FOLDER_PATH)/blendr";
			};
			name = Release;
		};
		B07A37272C289E9400C6D287 /* Debug */ = {
			isa = XCBuildConfiguration;
			buildSettings = {
				ALWAYS_EMBED_SWIFT_STANDARD_LIBRARIES = YES;
				CODE_SIGN_STYLE = Automatic;
				CURRENT_PROJECT_VERSION = 1;
				DEAD_CODE_STRIPPING = YES;
				GENERATE_INFOPLIST_FILE = YES;
				IPHONEOS_DEPLOYMENT_TARGET = 17.5;
				MACOSX_DEPLOYMENT_TARGET = 14.5;
				MARKETING_VERSION = 1.0;
				PRODUCT_BUNDLE_IDENTIFIER = com.andrewnielson.blendrUITests;
				PRODUCT_NAME = "$(TARGET_NAME)";
				SDKROOT = auto;
				SUPPORTED_PLATFORMS = "iphoneos iphonesimulator macosx";
				SWIFT_EMIT_LOC_STRINGS = NO;
				SWIFT_VERSION = 5.0;
				TARGETED_DEVICE_FAMILY = "1,2";
				TEST_TARGET_NAME = blendr;
			};
			name = Debug;
		};
		B07A37282C289E9400C6D287 /* Release */ = {
			isa = XCBuildConfiguration;
			buildSettings = {
				ALWAYS_EMBED_SWIFT_STANDARD_LIBRARIES = YES;
				CODE_SIGN_STYLE = Automatic;
				CURRENT_PROJECT_VERSION = 1;
				DEAD_CODE_STRIPPING = YES;
				GENERATE_INFOPLIST_FILE = YES;
				IPHONEOS_DEPLOYMENT_TARGET = 17.5;
				MACOSX_DEPLOYMENT_TARGET = 14.5;
				MARKETING_VERSION = 1.0;
				PRODUCT_BUNDLE_IDENTIFIER = com.andrewnielson.blendrUITests;
				PRODUCT_NAME = "$(TARGET_NAME)";
				SDKROOT = auto;
				SUPPORTED_PLATFORMS = "iphoneos iphonesimulator macosx";
				SWIFT_EMIT_LOC_STRINGS = NO;
				SWIFT_VERSION = 5.0;
				TARGETED_DEVICE_FAMILY = "1,2";
				TEST_TARGET_NAME = blendr;
			};
			name = Release;
		};
/* End XCBuildConfiguration section */

/* Begin XCConfigurationList section */
		B07A36F62C289E9300C6D287 /* Build configuration list for PBXProject "blendr" */ = {
			isa = XCConfigurationList;
			buildConfigurations = (
				B07A371E2C289E9400C6D287 /* Debug */,
				B07A371F2C289E9400C6D287 /* Release */,
			);
			defaultConfigurationIsVisible = 0;
			defaultConfigurationName = Release;
		};
		B07A37202C289E9400C6D287 /* Build configuration list for PBXNativeTarget "blendr" */ = {
			isa = XCConfigurationList;
			buildConfigurations = (
				B07A37212C289E9400C6D287 /* Debug */,
				B07A37222C289E9400C6D287 /* Release */,
			);
			defaultConfigurationIsVisible = 0;
			defaultConfigurationName = Release;
		};
		B07A37232C289E9400C6D287 /* Build configuration list for PBXNativeTarget "blendrTests" */ = {
			isa = XCConfigurationList;
			buildConfigurations = (
				B07A37242C289E9400C6D287 /* Debug */,
				B07A37252C289E9400C6D287 /* Release */,
			);
			defaultConfigurationIsVisible = 0;
			defaultConfigurationName = Release;
		};
		B07A37262C289E9400C6D287 /* Build configuration list for PBXNativeTarget "blendrUITests" */ = {
			isa = XCConfigurationList;
			buildConfigurations = (
				B07A37272C289E9400C6D287 /* Debug */,
				B07A37282C289E9400C6D287 /* Release */,
			);
			defaultConfigurationIsVisible = 0;
			defaultConfigurationName = Release;
		};
/* End XCConfigurationList section */

/* Begin XCRemoteSwiftPackageReference section */
		B009325F2C2A0DFB002B8129 /* XCRemoteSwiftPackageReference "ConfettiSwiftUI" */ = {
			isa = XCRemoteSwiftPackageReference;
			repositoryURL = "https://github.com/simibac/ConfettiSwiftUI.git";
			requirement = {
				kind = upToNextMajorVersion;
				minimumVersion = 1.1.0;
			};
		};
		B06A045E2C2F576F0049A680 /* XCRemoteSwiftPackageReference "firebase-ios-sdk" */ = {
			isa = XCRemoteSwiftPackageReference;
			repositoryURL = "https://github.com/firebase/firebase-ios-sdk";
			requirement = {
				kind = upToNextMajorVersion;
				minimumVersion = 10.28.1;
			};
		};
		B06A04762C3456070049A680 /* XCRemoteSwiftPackageReference "swift-package-manager-google-mobile-ads" */ = {
			isa = XCRemoteSwiftPackageReference;
			repositoryURL = "https://github.com/googleads/swift-package-manager-google-mobile-ads.git";
			requirement = {
				kind = upToNextMajorVersion;
				minimumVersion = 11.6.0;
			};
		};
		B07A377C2C28A40A00C6D287 /* XCRemoteSwiftPackageReference "OpenAI" */ = {
			isa = XCRemoteSwiftPackageReference;
			repositoryURL = "https://github.com/MacPaw/OpenAI.git";
			requirement = {
				kind = upToNextMajorVersion;
				minimumVersion = 0.2.9;
			};
		};
		B07A377F2C28A46000C6D287 /* XCRemoteSwiftPackageReference "purchases-ios-spm" */ = {
			isa = XCRemoteSwiftPackageReference;
			repositoryURL = "https://github.com/RevenueCat/purchases-ios-spm.git";
			requirement = {
				kind = upToNextMajorVersion;
				minimumVersion = 4.43.1;
			};
		};
/* End XCRemoteSwiftPackageReference section */

/* Begin XCSwiftPackageProductDependency section */
		B00932602C2A0DFB002B8129 /* ConfettiSwiftUI */ = {
			isa = XCSwiftPackageProductDependency;
			package = B009325F2C2A0DFB002B8129 /* XCRemoteSwiftPackageReference "ConfettiSwiftUI" */;
			productName = ConfettiSwiftUI;
		};
		B06A045F2C2F576F0049A680 /* FirebaseAuth */ = {
			isa = XCSwiftPackageProductDependency;
			package = B06A045E2C2F576F0049A680 /* XCRemoteSwiftPackageReference "firebase-ios-sdk" */;
			productName = FirebaseAuth;
		};
		B06A04612C2F576F0049A680 /* FirebaseFirestore */ = {
			isa = XCSwiftPackageProductDependency;
			package = B06A045E2C2F576F0049A680 /* XCRemoteSwiftPackageReference "firebase-ios-sdk" */;
			productName = FirebaseFirestore;
		};
		B06A04632C2F576F0049A680 /* FirebaseFirestoreSwift */ = {
			isa = XCSwiftPackageProductDependency;
			package = B06A045E2C2F576F0049A680 /* XCRemoteSwiftPackageReference "firebase-ios-sdk" */;
			productName = FirebaseFirestoreSwift;
		};
		B06A04652C2F576F0049A680 /* FirebaseStorage */ = {
			isa = XCSwiftPackageProductDependency;
			package = B06A045E2C2F576F0049A680 /* XCRemoteSwiftPackageReference "firebase-ios-sdk" */;
			productName = FirebaseStorage;
		};
		B06A04772C3456070049A680 /* GoogleMobileAds */ = {
			isa = XCSwiftPackageProductDependency;
			package = B06A04762C3456070049A680 /* XCRemoteSwiftPackageReference "swift-package-manager-google-mobile-ads" */;
			productName = GoogleMobileAds;
		};
		B07A377D2C28A40A00C6D287 /* OpenAI */ = {
			isa = XCSwiftPackageProductDependency;
			package = B07A377C2C28A40A00C6D287 /* XCRemoteSwiftPackageReference "OpenAI" */;
			productName = OpenAI;
		};
		B07A37802C28A46000C6D287 /* RevenueCat */ = {
			isa = XCSwiftPackageProductDependency;
			package = B07A377F2C28A46000C6D287 /* XCRemoteSwiftPackageReference "purchases-ios-spm" */;
			productName = RevenueCat;
		};
		B07A37822C28A46000C6D287 /* RevenueCatUI */ = {
			isa = XCSwiftPackageProductDependency;
			package = B07A377F2C28A46000C6D287 /* XCRemoteSwiftPackageReference "purchases-ios-spm" */;
			productName = RevenueCatUI;
		};
/* End XCSwiftPackageProductDependency section */
	};
	rootObject = B07A36F32C289E9300C6D287 /* Project object */;
}
